
Microsoft Visual Studio Solution File, Format Version 12.00
# Visual Studio Version 17
VisualStudioVersion = 17.3.32929.385
MinimumVisualStudioVersion = 10.0.40219.1
Project("{2150E333-8FDC-42A3-9474-1A3956D46DE8}") = "src", "src", "{83893631-3F69-4897-B96A-2105BC739A49}"
EndProject
Project("{9A19103F-16F7-4668-BE54-9A1E7A4F7556}") = "Neimart.Core", "src\Neimart.Core\Neimart.Core.csproj", "{2A159B56-8216-4099-A6ED-BA05B2A7FFF2}"
EndProject
Project("{9A19103F-16F7-4668-BE54-9A1E7A4F7556}") = "Neimart.Web", "src\Neimart.Web\Neimart.Web.csproj", "{DD18C565-CF03-4395-9A95-F10F8FC70CBD}"
EndProject
Project("{2150E333-8FDC-42A3-9474-1A3956D46DE8}") = "tests", "tests", "{79ECF3BD-0ED6-4E58-B58D-1B29BACADC4E}"
EndProject
Project("{9A19103F-16F7-4668-BE54-9A1E7A4F7556}") = "Neimart.Tests", "tests\Neimart.Tests\Neimart.Tests.csproj", "{9DEB7920-D176-4887-93E0-77DBF21E2DD2}"
EndProject
Project("{9A19103F-16F7-4668-BE54-9A1E7A4F7556}") = "Neimart.Data", "src\Neimart.Data\Neimart.Data.csproj", "{12A8C65A-C19C-460E-AB96-B6C7FA9323A2}"
EndProject
Project("{2150E333-8FDC-42A3-9474-1A3956D46DE8}") = "gallery", "gallery", "{0DAE28B8-E82D-4B10-BEE1-F9B60052C22A}"
	ProjectSection(SolutionItems) = preProject
		..\..\..\Desktop\Gallery\image1.png = ..\..\..\Desktop\Gallery\image1.png
		..\..\..\Desktop\Gallery\image2.png = ..\..\..\Desktop\Gallery\image2.png
		..\..\..\Desktop\Gallery\image3.png = ..\..\..\Desktop\Gallery\image3.png
		..\..\..\Desktop\Gallery\image4.png = ..\..\..\Desktop\Gallery\image4.png
		..\..\..\Desktop\Gallery\image5.png = ..\..\..\Desktop\Gallery\image5.png
	EndProjectSection
EndProject
Global
	GlobalSection(SolutionConfigurationPlatforms) = preSolution
		Debug|Any CPU = Debug|Any CPU
		Release|Any CPU = Release|Any CPU
	EndGlobalSection
	GlobalSection(ProjectConfigurationPlatforms) = postSolution
		{2A159B56-8216-4099-A6ED-BA05B2A7FFF2}.Debug|Any CPU.ActiveCfg = Debug|Any CPU
		{2A159B56-8216-4099-A6ED-BA05B2A7FFF2}.Debug|Any CPU.Build.0 = Debug|Any CPU
		{2A159B56-8216-4099-A6ED-BA05B2A7FFF2}.Release|Any CPU.ActiveCfg = Release|Any CPU
		{2A159B56-8216-4099-A6ED-BA05B2A7FFF2}.Release|Any CPU.Build.0 = Release|Any CPU
		{DD18C565-CF03-4395-9A95-F10F8FC70CBD}.Debug|Any CPU.ActiveCfg = Debug|Any CPU
		{DD18C565-CF03-4395-9A95-F10F8FC70CBD}.Debug|Any CPU.Build.0 = Debug|Any CPU
		{DD18C565-CF03-4395-9A95-F10F8FC70CBD}.Release|Any CPU.ActiveCfg = Release|Any CPU
		{DD18C565-CF03-4395-9A95-F10F8FC70CBD}.Release|Any CPU.Build.0 = Release|Any CPU
		{9DEB7920-D176-4887-93E0-77DBF21E2DD2}.Debug|Any CPU.ActiveCfg = Debug|Any CPU
		{9DEB7920-D176-4887-93E0-77DBF21E2DD2}.Debug|Any CPU.Build.0 = Debug|Any CPU
		{9DEB7920-D176-4887-93E0-77DBF21E2DD2}.Release|Any CPU.ActiveCfg = Release|Any CPU
		{9DEB7920-D176-4887-93E0-77DBF21E2DD2}.Release|Any CPU.Build.0 = Release|Any CPU
		{12A8C65A-C19C-460E-AB96-B6C7FA9323A2}.Debug|Any CPU.ActiveCfg = Debug|Any CPU
		{12A8C65A-C19C-460E-AB96-B6C7FA9323A2}.Debug|Any CPU.Build.0 = Debug|Any CPU
		{12A8C65A-C19C-460E-AB96-B6C7FA9323A2}.Release|Any CPU.ActiveCfg = Release|Any CPU
		{12A8C65A-C19C-460E-AB96-B6C7FA9323A2}.Release|Any CPU.Build.0 = Release|Any CPU
	EndGlobalSection
	GlobalSection(SolutionProperties) = preSolution
		HideSolutionNode = FALSE
	EndGlobalSection
	GlobalSection(NestedProjects) = preSolution
		{2A159B56-8216-4099-A6ED-BA05B2A7FFF2} = {83893631-3F69-4897-B96A-2105BC739A49}
		{DD18C565-CF03-4395-9A95-F10F8FC70CBD} = {83893631-3F69-4897-B96A-2105BC739A49}
		{9DEB7920-D176-4887-93E0-77DBF21E2DD2} = {79ECF3BD-0ED6-4E58-B58D-1B29BACADC4E}
		{12A8C65A-C19C-460E-AB96-B6C7FA9323A2} = {83893631-3F69-4897-B96A-2105BC739A49}
	EndGlobalSection
	GlobalSection(ExtensibilityGlobals) = postSolution
		SolutionGuid = {FE3C20B2-1558-4968-9B2F-D34C7F27136E}
	EndGlobalSection
EndGlobal
